
Microsoft Visual Studio Solution File, Format Version 12.00
# Visual Studio 15
VisualStudioVersion = 15.0.26228.4
MinimumVisualStudioVersion = 10.0.40219.1
Project("{FAE04EC0-301F-11D3-BF4B-00C04F79EFBC}") = "TaskManagerService", "TaskManagerService\TaskManagerService.csproj", "{D3DFC647-D8D8-49A7-961F-5E60A6BA6761}"
EndProject
Project("{FAE04EC0-301F-11D3-BF4B-00C04F79EFBC}") = "TaskManagerDataAccess", "TaskManagerDataAccess\TaskManagerDataAccess.csproj", "{B75A5D31-36F4-48F6-8F41-3BD2147D6425}"
EndProject
Project("{FAE04EC0-301F-11D3-BF4B-00C04F79EFBC}") = "TaskManagerTesting", "TaskManagerTesting\TaskManagerTesting.csproj", "{B3A9261D-E7EB-49F4-83C2-2664FBBFA219}"
EndProject
Global
	GlobalSection(SolutionConfigurationPlatforms) = preSolution
		Debug|Any CPU = Debug|Any CPU
		Release|Any CPU = Release|Any CPU
	EndGlobalSection
	GlobalSection(ProjectConfigurationPlatforms) = postSolution
		{D3DFC647-D8D8-49A7-961F-5E60A6BA6761}.Debug|Any CPU.ActiveCfg = Debug|Any CPU
		{D3DFC647-D8D8-49A7-961F-5E60A6BA6761}.Debug|Any CPU.Build.0 = Debug|Any CPU
		{D3DFC647-D8D8-49A7-961F-5E60A6BA6761}.Release|Any CPU.ActiveCfg = Release|Any CPU
		{D3DFC647-D8D8-49A7-961F-5E60A6BA6761}.Release|Any CPU.Build.0 = Release|Any CPU
		{B75A5D31-36F4-48F6-8F41-3BD2147D6425}.Debug|Any CPU.ActiveCfg = Debug|Any CPU
		{B75A5D31-36F4-48F6-8F41-3BD2147D6425}.Debug|Any CPU.Build.0 = Debug|Any CPU
		{B75A5D31-36F4-48F6-8F41-3BD2147D6425}.Release|Any CPU.ActiveCfg = Release|Any CPU
		{B75A5D31-36F4-48F6-8F41-3BD2147D6425}.Release|Any CPU.Build.0 = Release|Any CPU
		{B3A9261D-E7EB-49F4-83C2-2664FBBFA219}.Debug|Any CPU.ActiveCfg = Debug|Any CPU
		{B3A9261D-E7EB-49F4-83C2-2664FBBFA219}.Debug|Any CPU.Build.0 = Debug|Any CPU
		{B3A9261D-E7EB-49F4-83C2-2664FBBFA219}.Release|Any CPU.ActiveCfg = Release|Any CPU
		{B3A9261D-E7EB-49F4-83C2-2664FBBFA219}.Release|Any CPU.Build.0 = Release|Any CPU
	EndGlobalSection
	GlobalSection(SolutionProperties) = preSolution
		HideSolutionNode = FALSE
	EndGlobalSection
	GlobalSection(ExtensibilityGlobals) = postSolution
		SolutionGuid = {D08007CC-8ABE-44EC-B846-66934C45322B}
	EndGlobalSection
EndGlobal
